# THIS IS AN AUTOGENERATED FILE. DO NOT EDIT THIS FILE DIRECTLY.
# yarn lockfile v1


"@babel/runtime@^7.13.10":
  version "7.23.4"
  resolved "https://registry.yarnpkg.com/@babel/runtime/-/runtime-7.23.4.tgz#36fa1d2b36db873d25ec631dcc4923fdc1cf2e2e"
  integrity sha512-2Yv65nlWnWlSpe3fXEyX5i7fx5kIKo4Qbcj+hMO0odwaneFjfXw5fdum+4yL20O0QiaHpia0cYQ9xpNMqrBwHg==
  dependencies:
    regenerator-runtime "^0.14.0"

"@floating-ui/core@^1.4.2":
  version "1.5.0"
  resolved "https://registry.yarnpkg.com/@floating-ui/core/-/core-1.5.0.tgz#5c05c60d5ae2d05101c3021c1a2a350ddc027f8c"
  integrity sha512-kK1h4m36DQ0UHGj5Ah4db7R0rHemTqqO0QLvUqi1/mUUp3LuAWbWxdxSIf/XsnH9VS6rRVPLJCncjRzUvyCLXg==
  dependencies:
    "@floating-ui/utils" "^0.1.3"

"@floating-ui/dom@^1.5.1":
  version "1.5.3"
  resolved "https://registry.yarnpkg.com/@floating-ui/dom/-/dom-1.5.3.tgz#54e50efcb432c06c23cd33de2b575102005436fa"
  integrity sha512-ClAbQnEqJAKCJOEbbLo5IUlZHkNszqhuxS4fHAVxRPXPya6Ysf2G8KypnYcOTpx6I8xcgF9bbHb6g/2KpbV8qA==
  dependencies:
    "@floating-ui/core" "^1.4.2"
    "@floating-ui/utils" "^0.1.3"

"@floating-ui/react-dom@^2.0.0":
  version "2.0.4"
  resolved "https://registry.yarnpkg.com/@floating-ui/react-dom/-/react-dom-2.0.4.tgz#b076fafbdfeb881e1d86ae748b7ff95150e9f3ec"
  integrity sha512-CF8k2rgKeh/49UrnIBs4BdxPUV6vize/Db1d/YbCLyp9GiVZ0BEwf5AiDSxJRCr6yOkGqTFHtmrULxkEfYZ7dQ==
  dependencies:
    "@floating-ui/dom" "^1.5.1"

"@floating-ui/utils@^0.1.3":
  version "0.1.6"
  resolved "https://registry.yarnpkg.com/@floating-ui/utils/-/utils-0.1.6.tgz#22958c042e10b67463997bd6ea7115fe28cbcaf9"
  integrity sha512-OfX7E2oUDYxtBvsuS4e/jSn4Q9Qb6DzgeYtsAdkPZ47znpoNsMgZw0+tVijiv3uGNR6dgNlty6r9rzIzHjtd/A==

"@formatjs/ecma402-abstract@1.18.0":
  version "1.18.0"
  resolved "https://registry.yarnpkg.com/@formatjs/ecma402-abstract/-/ecma402-abstract-1.18.0.tgz#e2120e7101020140661b58430a7ff4262705a2f2"
  integrity sha512-PEVLoa3zBevWSCZzPIM/lvPCi8P5l4G+NXQMc/CjEiaCWgyHieUoo0nM7Bs0n/NbuQ6JpXEolivQ9pKSBHaDlA==
  dependencies:
    "@formatjs/intl-localematcher" "0.5.2"
    tslib "^2.4.0"

"@formatjs/fast-memoize@2.2.0":
  version "2.2.0"
  resolved "https://registry.yarnpkg.com/@formatjs/fast-memoize/-/fast-memoize-2.2.0.tgz#33bd616d2e486c3e8ef4e68c99648c196887802b"
  integrity sha512-hnk/nY8FyrL5YxwP9e4r9dqeM6cAbo8PeU9UjyXojZMNvVad2Z06FAVHyR3Ecw6fza+0GH7vdJgiKIVXTMbSBA==
  dependencies:
    tslib "^2.4.0"

"@formatjs/icu-messageformat-parser@2.7.3":
  version "2.7.3"
  resolved "https://registry.yarnpkg.com/@formatjs/icu-messageformat-parser/-/icu-messageformat-parser-2.7.3.tgz#c8c95e7c9f8141bdb93bea0e92e4fcace19d3c9f"
  integrity sha512-X/jy10V9S/vW+qlplqhMUxR8wErQ0mmIYSq4mrjpjDl9mbuGcCILcI1SUYkL5nlM4PJqpc0KOS0bFkkJNPxYRw==
  dependencies:
    "@formatjs/ecma402-abstract" "1.18.0"
    "@formatjs/icu-skeleton-parser" "1.7.0"
    tslib "^2.4.0"

"@formatjs/icu-skeleton-parser@1.7.0":
  version "1.7.0"
  resolved "https://registry.yarnpkg.com/@formatjs/icu-skeleton-parser/-/icu-skeleton-parser-1.7.0.tgz#796938d6d0ba8fc75bb9edee038d1350bfee32cb"
  integrity sha512-Cfdo/fgbZzpN/jlN/ptQVe0lRHora+8ezrEeg2RfrNjyp+YStwBy7cqDY8k5/z2LzXg6O0AdzAV91XS0zIWv+A==
  dependencies:
    "@formatjs/ecma402-abstract" "1.18.0"
    tslib "^2.4.0"

"@formatjs/intl-displaynames@6.6.4":
  version "6.6.4"
  resolved "https://registry.yarnpkg.com/@formatjs/intl-displaynames/-/intl-displaynames-6.6.4.tgz#dd9ca9bb2d1f4b140cc8814667bc830802621674"
  integrity sha512-ET8KQ+L9Q0K8x1SnJQa4DNssUcbATlMopWqYvGGR8yAvw5qwAQc1fv+DshCoZNIE9pbcue0IGC4kWNAkWqlFag==
  dependencies:
    "@formatjs/ecma402-abstract" "1.18.0"
    "@formatjs/intl-localematcher" "0.5.2"
    tslib "^2.4.0"

"@formatjs/intl-listformat@7.5.3":
  version "7.5.3"
  resolved "https://registry.yarnpkg.com/@formatjs/intl-listformat/-/intl-listformat-7.5.3.tgz#c6f028471839cd1014760498f783fdfe011422d5"
  integrity sha512-l7EOr0Yh1m8KagytukB90yw81uyzrM7amKFrgxXqphz4KeSIL0KPa68lPsdtZ+JmQB73GaDQRwLOwUKFZ1VZPQ==
  dependencies:
    "@formatjs/ecma402-abstract" "1.18.0"
    "@formatjs/intl-localematcher" "0.5.2"
    tslib "^2.4.0"

"@formatjs/intl-localematcher@0.5.2":
  version "0.5.2"
  resolved "https://registry.yarnpkg.com/@formatjs/intl-localematcher/-/intl-localematcher-0.5.2.tgz#5fcf029fd218905575e5080fa33facdcb623d532"
  integrity sha512-txaaE2fiBMagLrR4jYhxzFO6wEdEG4TPMqrzBAcbr4HFUYzH/YC+lg6OIzKCHm8WgDdyQevxbAAV1OgcXctuGw==
  dependencies:
    tslib "^2.4.0"

"@formatjs/intl@2.9.9":
  version "2.9.9"
  resolved "https://registry.yarnpkg.com/@formatjs/intl/-/intl-2.9.9.tgz#866629b565e20dd7490f9e77ee41a00748913e8f"
  integrity sha512-JI3CNgL2Zdg5lv9ncT2sYKqbAj2RGrCbdzaCckIxMPxn4QuHuOVvYUGmBAXVusBmfG/0sxLmMrnwnBioz+QKdA==
  dependencies:
    "@formatjs/ecma402-abstract" "1.18.0"
    "@formatjs/fast-memoize" "2.2.0"
    "@formatjs/icu-messageformat-parser" "2.7.3"
    "@formatjs/intl-displaynames" "6.6.4"
    "@formatjs/intl-listformat" "7.5.3"
    intl-messageformat "10.5.8"
    tslib "^2.4.0"

"@radix-ui/number@1.0.1":
  version "1.0.1"
  resolved "https://registry.yarnpkg.com/@radix-ui/number/-/number-1.0.1.tgz#644161a3557f46ed38a042acf4a770e826021674"
  integrity sha512-T5gIdVO2mmPW3NNhjNgEP3cqMXjXL9UbO0BzWcXfvdBs+BohbQxvd/K5hSVKmn9/lbTdsQVKbUcP5WLCwvUbBg==
  dependencies:
    "@babel/runtime" "^7.13.10"

"@radix-ui/primitive@1.0.1":
  version "1.0.1"
  resolved "https://registry.yarnpkg.com/@radix-ui/primitive/-/primitive-1.0.1.tgz#e46f9958b35d10e9f6dc71c497305c22e3e55dbd"
  integrity sha512-yQ8oGX2GVsEYMWGxcovu1uGWPCxV5BFfeeYxqPmuAzUyLT9qmaMXSAhXpb0WrspIeqYzdJpkh2vHModJPgRIaw==
  dependencies:
    "@babel/runtime" "^7.13.10"

"@radix-ui/react-alert-dialog@^1.0.0":
  version "1.0.5"
  resolved "https://registry.yarnpkg.com/@radix-ui/react-alert-dialog/-/react-alert-dialog-1.0.5.tgz#70dd529cbf1e4bff386814d3776901fcaa131b8c"
  integrity sha512-OrVIOcZL0tl6xibeuGt5/+UxoT2N27KCFOPjFyfXMnchxSHZ/OW7cCX2nGlIYJrbHK/fczPcFzAwvNBB6XBNMA==
  dependencies:
    "@babel/runtime" "^7.13.10"
    "@radix-ui/primitive" "1.0.1"
    "@radix-ui/react-compose-refs" "1.0.1"
    "@radix-ui/react-context" "1.0.1"
    "@radix-ui/react-dialog" "1.0.5"
    "@radix-ui/react-primitive" "1.0.3"
    "@radix-ui/react-slot" "1.0.2"

"@radix-ui/react-arrow@1.0.3":
  version "1.0.3"
  resolved "https://registry.yarnpkg.com/@radix-ui/react-arrow/-/react-arrow-1.0.3.tgz#c24f7968996ed934d57fe6cde5d6ec7266e1d25d"
  integrity sha512-wSP+pHsB/jQRaL6voubsQ/ZlrGBHHrOjmBnr19hxYgtS0WvAFwZhK2WP/YY5yF9uKECCEEDGxuLxq1NBK51wFA==
  dependencies:
    "@babel/runtime" "^7.13.10"
    "@radix-ui/react-primitive" "1.0.3"

"@radix-ui/react-collection@1.0.3":
  version "1.0.3"
  resolved "https://registry.yarnpkg.com/@radix-ui/react-collection/-/react-collection-1.0.3.tgz#9595a66e09026187524a36c6e7e9c7d286469159"
  integrity sha512-3SzW+0PW7yBBoQlT8wNcGtaxaD0XSu0uLUFgrtHY08Acx05TaHaOmVLR73c0j/cqpDy53KBMO7s0dx2wmOIDIA==
  dependencies:
    "@babel/runtime" "^7.13.10"
    "@radix-ui/react-compose-refs" "1.0.1"
    "@radix-ui/react-context" "1.0.1"
    "@radix-ui/react-primitive" "1.0.3"
    "@radix-ui/react-slot" "1.0.2"

"@radix-ui/react-compose-refs@1.0.1":
  version "1.0.1"
  resolved "https://registry.yarnpkg.com/@radix-ui/react-compose-refs/-/react-compose-refs-1.0.1.tgz#7ed868b66946aa6030e580b1ffca386dd4d21989"
  integrity sha512-fDSBgd44FKHa1FRMU59qBMPFcl2PZE+2nmqunj+BWFyYYjnhIDWL2ItDs3rrbJDQOtzt5nIebLCQc4QRfz6LJw==
  dependencies:
    "@babel/runtime" "^7.13.10"

"@radix-ui/react-context-menu@^2.1.1":
  version "2.1.5"
  resolved "https://registry.yarnpkg.com/@radix-ui/react-context-menu/-/react-context-menu-2.1.5.tgz#1bdbd72761439f9166f75dc4598f276265785c83"
  integrity sha512-R5XaDj06Xul1KGb+WP8qiOh7tKJNz2durpLBXAGZjSVtctcRFCuEvy2gtMwRJGePwQQE5nV77gs4FwRi8T+r2g==
  dependencies:
    "@babel/runtime" "^7.13.10"
    "@radix-ui/primitive" "1.0.1"
    "@radix-ui/react-context" "1.0.1"
    "@radix-ui/react-menu" "2.0.6"
    "@radix-ui/react-primitive" "1.0.3"
    "@radix-ui/react-use-callback-ref" "1.0.1"
    "@radix-ui/react-use-controllable-state" "1.0.1"

"@radix-ui/react-context@1.0.1":
  version "1.0.1"
  resolved "https://registry.yarnpkg.com/@radix-ui/react-context/-/react-context-1.0.1.tgz#fe46e67c96b240de59187dcb7a1a50ce3e2ec00c"
  integrity sha512-ebbrdFoYTcuZ0v4wG5tedGnp9tzcV8awzsxYph7gXUyvnNLuTIcCk1q17JEbnVhXAKG9oX3KtchwiMIAYp9NLg==
  dependencies:
    "@babel/runtime" "^7.13.10"

"@radix-ui/react-dialog@1.0.5", "@radix-ui/react-dialog@^1.0.2":
  version "1.0.5"
  resolved "https://registry.yarnpkg.com/@radix-ui/react-dialog/-/react-dialog-1.0.5.tgz#71657b1b116de6c7a0b03242d7d43e01062c7300"
  integrity sha512-GjWJX/AUpB703eEBanuBnIWdIXg6NvJFCXcNlSZk4xdszCdhrJgBoUd1cGk67vFO+WdA2pfI/plOpqz/5GUP6Q==
  dependencies:
    "@babel/runtime" "^7.13.10"
    "@radix-ui/primitive" "1.0.1"
    "@radix-ui/react-compose-refs" "1.0.1"
    "@radix-ui/react-context" "1.0.1"
    "@radix-ui/react-dismissable-layer" "1.0.5"
    "@radix-ui/react-focus-guards" "1.0.1"
    "@radix-ui/react-focus-scope" "1.0.4"
    "@radix-ui/react-id" "1.0.1"
    "@radix-ui/react-portal" "1.0.4"
    "@radix-ui/react-presence" "1.0.1"
    "@radix-ui/react-primitive" "1.0.3"
    "@radix-ui/react-slot" "1.0.2"
    "@radix-ui/react-use-controllable-state" "1.0.1"
    aria-hidden "^1.1.1"
    react-remove-scroll "2.5.5"

"@radix-ui/react-direction@1.0.1":
  version "1.0.1"
  resolved "https://registry.yarnpkg.com/@radix-ui/react-direction/-/react-direction-1.0.1.tgz#9cb61bf2ccf568f3421422d182637b7f47596c9b"
  integrity sha512-RXcvnXgyvYvBEOhCBuddKecVkoMiI10Jcm5cTI7abJRAHYfFxeu+FBQs/DvdxSYucxR5mna0dNsL6QFlds5TMA==
  dependencies:
    "@babel/runtime" "^7.13.10"

"@radix-ui/react-dismissable-layer@1.0.4":
  version "1.0.4"
  resolved "https://registry.yarnpkg.com/@radix-ui/react-dismissable-layer/-/react-dismissable-layer-1.0.4.tgz#883a48f5f938fa679427aa17fcba70c5494c6978"
  integrity sha512-7UpBa/RKMoHJYjie1gkF1DlK8l1fdU/VKDpoS3rCCo8YBJR294GwcEHyxHw72yvphJ7ld0AXEcSLAzY2F/WyCg==
  dependencies:
    "@babel/runtime" "^7.13.10"
    "@radix-ui/primitive" "1.0.1"
    "@radix-ui/react-compose-refs" "1.0.1"
    "@radix-ui/react-primitive" "1.0.3"
    "@radix-ui/react-use-callback-ref" "1.0.1"
    "@radix-ui/react-use-escape-keydown" "1.0.3"

"@radix-ui/react-dismissable-layer@1.0.5":
  version "1.0.5"
  resolved "https://registry.yarnpkg.com/@radix-ui/react-dismissable-layer/-/react-dismissable-layer-1.0.5.tgz#3f98425b82b9068dfbab5db5fff3df6ebf48b9d4"
  integrity sha512-aJeDjQhywg9LBu2t/At58hCvr7pEm0o2Ke1x33B+MhjNmmZ17sy4KImo0KPLgsnc/zN7GPdce8Cnn0SWvwZO7g==
  dependencies:
    "@babel/runtime" "^7.13.10"
    "@radix-ui/primitive" "1.0.1"
    "@radix-ui/react-compose-refs" "1.0.1"
    "@radix-ui/react-primitive" "1.0.3"
    "@radix-ui/react-use-callback-ref" "1.0.1"
    "@radix-ui/react-use-escape-keydown" "1.0.3"

"@radix-ui/react-dropdown-menu@^2.0.1":
  version "2.0.6"
  resolved "https://registry.yarnpkg.com/@radix-ui/react-dropdown-menu/-/react-dropdown-menu-2.0.6.tgz#cdf13c956c5e263afe4e5f3587b3071a25755b63"
  integrity sha512-i6TuFOoWmLWq+M/eCLGd/bQ2HfAX1RJgvrBQ6AQLmzfvsLdefxbWu8G9zczcPFfcSPehz9GcpF6K9QYreFV8hA==
  dependencies:
    "@babel/runtime" "^7.13.10"
    "@radix-ui/primitive" "1.0.1"
    "@radix-ui/react-compose-refs" "1.0.1"
    "@radix-ui/react-context" "1.0.1"
    "@radix-ui/react-id" "1.0.1"
    "@radix-ui/react-menu" "2.0.6"
    "@radix-ui/react-primitive" "1.0.3"
    "@radix-ui/react-use-controllable-state" "1.0.1"

"@radix-ui/react-focus-guards@1.0.1":
  version "1.0.1"
  resolved "https://registry.yarnpkg.com/@radix-ui/react-focus-guards/-/react-focus-guards-1.0.1.tgz#1ea7e32092216b946397866199d892f71f7f98ad"
  integrity sha512-Rect2dWbQ8waGzhMavsIbmSVCgYxkXLxxR3ZvCX79JOglzdEy4JXMb98lq4hPxUbLr77nP0UOGf4rcMU+s1pUA==
  dependencies:
    "@babel/runtime" "^7.13.10"

"@radix-ui/react-focus-scope@1.0.3":
  version "1.0.3"
  resolved "https://registry.yarnpkg.com/@radix-ui/react-focus-scope/-/react-focus-scope-1.0.3.tgz#9c2e8d4ed1189a1d419ee61edd5c1828726472f9"
  integrity sha512-upXdPfqI4islj2CslyfUBNlaJCPybbqRHAi1KER7Isel9Q2AtSJ0zRBZv8mWQiFXD2nyAJ4BhC3yXgZ6kMBSrQ==
  dependencies:
    "@babel/runtime" "^7.13.10"
    "@radix-ui/react-compose-refs" "1.0.1"
    "@radix-ui/react-primitive" "1.0.3"
    "@radix-ui/react-use-callback-ref" "1.0.1"

"@radix-ui/react-focus-scope@1.0.4":
  version "1.0.4"
  resolved "https://registry.yarnpkg.com/@radix-ui/react-focus-scope/-/react-focus-scope-1.0.4.tgz#2ac45fce8c5bb33eb18419cdc1905ef4f1906525"
  integrity sha512-sL04Mgvf+FmyvZeYfNu1EPAaaxD+aw7cYeIB9L9Fvq8+urhltTRaEo5ysKOpHuKPclsZcSUMKlN05x4u+CINpA==
  dependencies:
    "@babel/runtime" "^7.13.10"
    "@radix-ui/react-compose-refs" "1.0.1"
    "@radix-ui/react-primitive" "1.0.3"
    "@radix-ui/react-use-callback-ref" "1.0.1"

"@radix-ui/react-id@1.0.1":
  version "1.0.1"
  resolved "https://registry.yarnpkg.com/@radix-ui/react-id/-/react-id-1.0.1.tgz#73cdc181f650e4df24f0b6a5b7aa426b912c88c0"
  integrity sha512-tI7sT/kqYp8p96yGWY1OAnLHrqDgzHefRBKQ2YAkBS5ja7QLcZ9Z/uY7bEjPUatf8RomoXM8/1sMj1IJaE5UzQ==
  dependencies:
    "@babel/runtime" "^7.13.10"
    "@radix-ui/react-use-layout-effect" "1.0.1"

"@radix-ui/react-menu@2.0.6":
  version "2.0.6"
  resolved "https://registry.yarnpkg.com/@radix-ui/react-menu/-/react-menu-2.0.6.tgz#2c9e093c1a5d5daa87304b2a2f884e32288ae79e"
  integrity sha512-BVkFLS+bUC8HcImkRKPSiVumA1VPOOEC5WBMiT+QAVsPzW1FJzI9KnqgGxVDPBcql5xXrHkD3JOVoXWEXD8SYA==
  dependencies:
    "@babel/runtime" "^7.13.10"
    "@radix-ui/primitive" "1.0.1"
    "@radix-ui/react-collection" "1.0.3"
    "@radix-ui/react-compose-refs" "1.0.1"
    "@radix-ui/react-context" "1.0.1"
    "@radix-ui/react-direction" "1.0.1"
    "@radix-ui/react-dismissable-layer" "1.0.5"
    "@radix-ui/react-focus-guards" "1.0.1"
    "@radix-ui/react-focus-scope" "1.0.4"
    "@radix-ui/react-id" "1.0.1"
    "@radix-ui/react-popper" "1.1.3"
    "@radix-ui/react-portal" "1.0.4"
    "@radix-ui/react-presence" "1.0.1"
    "@radix-ui/react-primitive" "1.0.3"
    "@radix-ui/react-roving-focus" "1.0.4"
    "@radix-ui/react-slot" "1.0.2"
    "@radix-ui/react-use-callback-ref" "1.0.1"
    aria-hidden "^1.1.1"
    react-remove-scroll "2.5.5"

"@radix-ui/react-popover@^1.0.2":
  version "1.0.7"
  resolved "https://registry.yarnpkg.com/@radix-ui/react-popover/-/react-popover-1.0.7.tgz#23eb7e3327330cb75ec7b4092d685398c1654e3c"
  integrity sha512-shtvVnlsxT6faMnK/a7n0wptwBD23xc1Z5mdrtKLwVEfsEMXodS0r5s0/g5P0hX//EKYZS2sxUjqfzlg52ZSnQ==
  dependencies:
    "@babel/runtime" "^7.13.10"
    "@radix-ui/primitive" "1.0.1"
    "@radix-ui/react-compose-refs" "1.0.1"
    "@radix-ui/react-context" "1.0.1"
    "@radix-ui/react-dismissable-layer" "1.0.5"
    "@radix-ui/react-focus-guards" "1.0.1"
    "@radix-ui/react-focus-scope" "1.0.4"
    "@radix-ui/react-id" "1.0.1"
    "@radix-ui/react-popper" "1.1.3"
    "@radix-ui/react-portal" "1.0.4"
    "@radix-ui/react-presence" "1.0.1"
    "@radix-ui/react-primitive" "1.0.3"
    "@radix-ui/react-slot" "1.0.2"
    "@radix-ui/react-use-controllable-state" "1.0.1"
    aria-hidden "^1.1.1"
    react-remove-scroll "2.5.5"

"@radix-ui/react-popper@1.1.2":
  version "1.1.2"
  resolved "https://registry.yarnpkg.com/@radix-ui/react-popper/-/react-popper-1.1.2.tgz#4c0b96fcd188dc1f334e02dba2d538973ad842e9"
  integrity sha512-1CnGGfFi/bbqtJZZ0P/NQY20xdG3E0LALJaLUEoKwPLwl6PPPfbeiCqMVQnhoFRAxjJj4RpBRJzDmUgsex2tSg==
  dependencies:
    "@babel/runtime" "^7.13.10"
    "@floating-ui/react-dom" "^2.0.0"
    "@radix-ui/react-arrow" "1.0.3"
    "@radix-ui/react-compose-refs" "1.0.1"
    "@radix-ui/react-context" "1.0.1"
    "@radix-ui/react-primitive" "1.0.3"
    "@radix-ui/react-use-callback-ref" "1.0.1"
    "@radix-ui/react-use-layout-effect" "1.0.1"
    "@radix-ui/react-use-rect" "1.0.1"
    "@radix-ui/react-use-size" "1.0.1"
    "@radix-ui/rect" "1.0.1"

"@radix-ui/react-popper@1.1.3":
  version "1.1.3"
  resolved "https://registry.yarnpkg.com/@radix-ui/react-popper/-/react-popper-1.1.3.tgz#24c03f527e7ac348fabf18c89795d85d21b00b42"
  integrity sha512-cKpopj/5RHZWjrbF2846jBNacjQVwkP068DfmgrNJXpvVWrOvlAmE9xSiy5OqeE+Gi8D9fP+oDhUnPqNMY8/5w==
  dependencies:
    "@babel/runtime" "^7.13.10"
    "@floating-ui/react-dom" "^2.0.0"
    "@radix-ui/react-arrow" "1.0.3"
    "@radix-ui/react-compose-refs" "1.0.1"
    "@radix-ui/react-context" "1.0.1"
    "@radix-ui/react-primitive" "1.0.3"
    "@radix-ui/react-use-callback-ref" "1.0.1"
    "@radix-ui/react-use-layout-effect" "1.0.1"
    "@radix-ui/react-use-rect" "1.0.1"
    "@radix-ui/react-use-size" "1.0.1"
    "@radix-ui/rect" "1.0.1"

"@radix-ui/react-portal@1.0.3":
  version "1.0.3"
  resolved "https://registry.yarnpkg.com/@radix-ui/react-portal/-/react-portal-1.0.3.tgz#ffb961244c8ed1b46f039e6c215a6c4d9989bda1"
  integrity sha512-xLYZeHrWoPmA5mEKEfZZevoVRK/Q43GfzRXkWV6qawIWWK8t6ifIiLQdd7rmQ4Vk1bmI21XhqF9BN3jWf+phpA==
  dependencies:
    "@babel/runtime" "^7.13.10"
    "@radix-ui/react-primitive" "1.0.3"

"@radix-ui/react-portal@1.0.4":
  version "1.0.4"
  resolved "https://registry.yarnpkg.com/@radix-ui/react-portal/-/react-portal-1.0.4.tgz#df4bfd353db3b1e84e639e9c63a5f2565fb00e15"
  integrity sha512-Qki+C/EuGUVCQTOTD5vzJzJuMUlewbzuKyUy+/iHM2uwGiru9gZeBJtHAPKAEkB5KWGi9mP/CHKcY0wt1aW45Q==
  dependencies:
    "@babel/runtime" "^7.13.10"
    "@radix-ui/react-primitive" "1.0.3"

"@radix-ui/react-presence@1.0.1":
  version "1.0.1"
  resolved "https://registry.yarnpkg.com/@radix-ui/react-presence/-/react-presence-1.0.1.tgz#491990ba913b8e2a5db1b06b203cb24b5cdef9ba"
  integrity sha512-UXLW4UAbIY5ZjcvzjfRFo5gxva8QirC9hF7wRE4U5gz+TP0DbRk+//qyuAQ1McDxBt1xNMBTaciFGvEmJvAZCg==
  dependencies:
    "@babel/runtime" "^7.13.10"
    "@radix-ui/react-compose-refs" "1.0.1"
    "@radix-ui/react-use-layout-effect" "1.0.1"

"@radix-ui/react-primitive@1.0.3":
  version "1.0.3"
  resolved "https://registry.yarnpkg.com/@radix-ui/react-primitive/-/react-primitive-1.0.3.tgz#d49ea0f3f0b2fe3ab1cb5667eb03e8b843b914d0"
  integrity sha512-yi58uVyoAcK/Nq1inRY56ZSjKypBNKTa/1mcL8qdl6oJeEaDbOldlzrGn7P6Q3Id5d+SYNGc5AJgc4vGhjs5+g==
  dependencies:
    "@babel/runtime" "^7.13.10"
    "@radix-ui/react-slot" "1.0.2"

"@radix-ui/react-roving-focus@1.0.4":
  version "1.0.4"
  resolved "https://registry.yarnpkg.com/@radix-ui/react-roving-focus/-/react-roving-focus-1.0.4.tgz#e90c4a6a5f6ac09d3b8c1f5b5e81aab2f0db1974"
  integrity sha512-2mUg5Mgcu001VkGy+FfzZyzbmuUWzgWkj3rvv4yu+mLw03+mTzbxZHvfcGyFp2b8EkQeMkpRQ5FiA2Vr2O6TeQ==
  dependencies:
    "@babel/runtime" "^7.13.10"
    "@radix-ui/primitive" "1.0.1"
    "@radix-ui/react-collection" "1.0.3"
    "@radix-ui/react-compose-refs" "1.0.1"
    "@radix-ui/react-context" "1.0.1"
    "@radix-ui/react-direction" "1.0.1"
    "@radix-ui/react-id" "1.0.1"
    "@radix-ui/react-primitive" "1.0.3"
    "@radix-ui/react-use-callback-ref" "1.0.1"
    "@radix-ui/react-use-controllable-state" "1.0.1"

"@radix-ui/react-select@^1.2.0":
  version "1.2.2"
  resolved "https://registry.yarnpkg.com/@radix-ui/react-select/-/react-select-1.2.2.tgz#caa981fa0d672cf3c1b2a5240135524e69b32181"
  integrity sha512-zI7McXr8fNaSrUY9mZe4x/HC0jTLY9fWNhO1oLWYMQGDXuV4UCivIGTxwioSzO0ZCYX9iSLyWmAh/1TOmX3Cnw==
  dependencies:
    "@babel/runtime" "^7.13.10"
    "@radix-ui/number" "1.0.1"
    "@radix-ui/primitive" "1.0.1"
    "@radix-ui/react-collection" "1.0.3"
    "@radix-ui/react-compose-refs" "1.0.1"
    "@radix-ui/react-context" "1.0.1"
    "@radix-ui/react-direction" "1.0.1"
    "@radix-ui/react-dismissable-layer" "1.0.4"
    "@radix-ui/react-focus-guards" "1.0.1"
    "@radix-ui/react-focus-scope" "1.0.3"
    "@radix-ui/react-id" "1.0.1"
    "@radix-ui/react-popper" "1.1.2"
    "@radix-ui/react-portal" "1.0.3"
    "@radix-ui/react-primitive" "1.0.3"
    "@radix-ui/react-slot" "1.0.2"
    "@radix-ui/react-use-callback-ref" "1.0.1"
    "@radix-ui/react-use-controllable-state" "1.0.1"
    "@radix-ui/react-use-layout-effect" "1.0.1"
    "@radix-ui/react-use-previous" "1.0.1"
    "@radix-ui/react-visually-hidden" "1.0.3"
    aria-hidden "^1.1.1"
    react-remove-scroll "2.5.5"

"@radix-ui/react-slider@^1.1.0":
  version "1.1.2"
  resolved "https://registry.yarnpkg.com/@radix-ui/react-slider/-/react-slider-1.1.2.tgz#330ff2a0e1f6c19aace76590004f229a7e8fbe6c"
  integrity sha512-NKs15MJylfzVsCagVSWKhGGLNR1W9qWs+HtgbmjjVUB3B9+lb3PYoXxVju3kOrpf0VKyVCtZp+iTwVoqpa1Chw==
  dependencies:
    "@babel/runtime" "^7.13.10"
    "@radix-ui/number" "1.0.1"
    "@radix-ui/primitive" "1.0.1"
    "@radix-ui/react-collection" "1.0.3"
    "@radix-ui/react-compose-refs" "1.0.1"
    "@radix-ui/react-context" "1.0.1"
    "@radix-ui/react-direction" "1.0.1"
    "@radix-ui/react-primitive" "1.0.3"
    "@radix-ui/react-use-controllable-state" "1.0.1"
    "@radix-ui/react-use-layout-effect" "1.0.1"
    "@radix-ui/react-use-previous" "1.0.1"
    "@radix-ui/react-use-size" "1.0.1"

"@radix-ui/react-slot@1.0.2":
  version "1.0.2"
  resolved "https://registry.yarnpkg.com/@radix-ui/react-slot/-/react-slot-1.0.2.tgz#a9ff4423eade67f501ffb32ec22064bc9d3099ab"
  integrity sha512-YeTpuq4deV+6DusvVUW4ivBgnkHwECUu0BiN43L5UCDFgdhsRUWAghhTF5MbvNTPzmiFOx90asDSUjWuCNapwg==
  dependencies:
    "@babel/runtime" "^7.13.10"
    "@radix-ui/react-compose-refs" "1.0.1"

"@radix-ui/react-toast@^1.1.1":
  version "1.1.5"
  resolved "https://registry.yarnpkg.com/@radix-ui/react-toast/-/react-toast-1.1.5.tgz#f5788761c0142a5ae9eb97f0051fd3c48106d9e6"
  integrity sha512-fRLn227WHIBRSzuRzGJ8W+5YALxofH23y0MlPLddaIpLpCDqdE0NZlS2NRQDRiptfxDeeCjgFIpexB1/zkxDlw==
  dependencies:
    "@babel/runtime" "^7.13.10"
    "@radix-ui/primitive" "1.0.1"
    "@radix-ui/react-collection" "1.0.3"
    "@radix-ui/react-compose-refs" "1.0.1"
    "@radix-ui/react-context" "1.0.1"
    "@radix-ui/react-dismissable-layer" "1.0.5"
    "@radix-ui/react-portal" "1.0.4"
    "@radix-ui/react-presence" "1.0.1"
    "@radix-ui/react-primitive" "1.0.3"
    "@radix-ui/react-use-callback-ref" "1.0.1"
    "@radix-ui/react-use-controllable-state" "1.0.1"
    "@radix-ui/react-use-layout-effect" "1.0.1"
    "@radix-ui/react-visually-hidden" "1.0.3"

"@radix-ui/react-use-callback-ref@1.0.1":
  version "1.0.1"
  resolved "https://registry.yarnpkg.com/@radix-ui/react-use-callback-ref/-/react-use-callback-ref-1.0.1.tgz#f4bb1f27f2023c984e6534317ebc411fc181107a"
  integrity sha512-D94LjX4Sp0xJFVaoQOd3OO9k7tpBYNOXdVhkltUbGv2Qb9OXdrg/CpsjlZv7ia14Sylv398LswWBVVu5nqKzAQ==
  dependencies:
    "@babel/runtime" "^7.13.10"

"@radix-ui/react-use-controllable-state@1.0.1":
  version "1.0.1"
  resolved "https://registry.yarnpkg.com/@radix-ui/react-use-controllable-state/-/react-use-controllable-state-1.0.1.tgz#ecd2ced34e6330caf89a82854aa2f77e07440286"
  integrity sha512-Svl5GY5FQeN758fWKrjM6Qb7asvXeiZltlT4U2gVfl8Gx5UAv2sMR0LWo8yhsIZh2oQ0eFdZ59aoOOMV7b47VA==
  dependencies:
    "@babel/runtime" "^7.13.10"
    "@radix-ui/react-use-callback-ref" "1.0.1"

"@radix-ui/react-use-escape-keydown@1.0.3":
  version "1.0.3"
  resolved "https://registry.yarnpkg.com/@radix-ui/react-use-escape-keydown/-/react-use-escape-keydown-1.0.3.tgz#217b840c250541609c66f67ed7bab2b733620755"
  integrity sha512-vyL82j40hcFicA+M4Ex7hVkB9vHgSse1ZWomAqV2Je3RleKGO5iM8KMOEtfoSB0PnIelMd2lATjTGMYqN5ylTg==
  dependencies:
    "@babel/runtime" "^7.13.10"
    "@radix-ui/react-use-callback-ref" "1.0.1"

"@radix-ui/react-use-layout-effect@1.0.1":
  version "1.0.1"
  resolved "https://registry.yarnpkg.com/@radix-ui/react-use-layout-effect/-/react-use-layout-effect-1.0.1.tgz#be8c7bc809b0c8934acf6657b577daf948a75399"
  integrity sha512-v/5RegiJWYdoCvMnITBkNNx6bCj20fiaJnWtRkU18yITptraXjffz5Qbn05uOiQnOvi+dbkznkoaMltz1GnszQ==
  dependencies:
    "@babel/runtime" "^7.13.10"

"@radix-ui/react-use-previous@1.0.1":
  version "1.0.1"
  resolved "https://registry.yarnpkg.com/@radix-ui/react-use-previous/-/react-use-previous-1.0.1.tgz#b595c087b07317a4f143696c6a01de43b0d0ec66"
  integrity sha512-cV5La9DPwiQ7S0gf/0qiD6YgNqM5Fk97Kdrlc5yBcrF3jyEZQwm7vYFqMo4IfeHgJXsRaMvLABFtd0OVEmZhDw==
  dependencies:
    "@babel/runtime" "^7.13.10"

"@radix-ui/react-use-rect@1.0.1":
  version "1.0.1"
  resolved "https://registry.yarnpkg.com/@radix-ui/react-use-rect/-/react-use-rect-1.0.1.tgz#fde50b3bb9fd08f4a1cd204572e5943c244fcec2"
  integrity sha512-Cq5DLuSiuYVKNU8orzJMbl15TXilTnJKUCltMVQg53BQOF1/C5toAaGrowkgksdBQ9H+SRL23g0HDmg9tvmxXw==
  dependencies:
    "@babel/runtime" "^7.13.10"
    "@radix-ui/rect" "1.0.1"

"@radix-ui/react-use-size@1.0.1":
  version "1.0.1"
  resolved "https://registry.yarnpkg.com/@radix-ui/react-use-size/-/react-use-size-1.0.1.tgz#1c5f5fea940a7d7ade77694bb98116fb49f870b2"
  integrity sha512-ibay+VqrgcaI6veAojjofPATwledXiSmX+C0KrBk/xgpX9rBzPV3OsfwlhQdUOFbh+LKQorLYT+xTXW9V8yd0g==
  dependencies:
    "@babel/runtime" "^7.13.10"
    "@radix-ui/react-use-layout-effect" "1.0.1"

"@radix-ui/react-visually-hidden@1.0.3":
  version "1.0.3"
  resolved "https://registry.yarnpkg.com/@radix-ui/react-visually-hidden/-/react-visually-hidden-1.0.3.tgz#51aed9dd0fe5abcad7dee2a234ad36106a6984ac"
  integrity sha512-D4w41yN5YRKtu464TLnByKzMDG/JlMPHtfZgQAu9v6mNakUqGUI9vUrfQKz8NK41VMm/xbZbh76NUTVtIYqOMA==
  dependencies:
    "@babel/runtime" "^7.13.10"
    "@radix-ui/react-primitive" "1.0.3"

"@radix-ui/rect@1.0.1":
  version "1.0.1"
  resolved "https://registry.yarnpkg.com/@radix-ui/rect/-/rect-1.0.1.tgz#bf8e7d947671996da2e30f4904ece343bc4a883f"
  integrity sha512-fyrgCaedtvMg9NK3en0pnOYJdtfwxUcNolezkNPUsoX57X8oQk+NkqcvzHXD2uKNij6GXmWU9NDru2IWjrO4BQ==
  dependencies:
    "@babel/runtime" "^7.13.10"

"@tldraw/editor@2.0.0-canary.ffda4cfb":
  version "2.0.0-canary.ffda4cfb"
  resolved "https://registry.yarnpkg.com/@tldraw/editor/-/editor-2.0.0-canary.ffda4cfb.tgz#56e2fb1fc863ebac84b67a943b4f27d141a4e60a"
  integrity sha512-3Nh9HyrTvo3V8PvBP5Q91VenvjKQ9JrqFkFQ9UzClsm5ec5Jyyge/NQy1LE1nf71BWK6zaAdfJjlvSEaODTqCg==
  dependencies:
    "@tldraw/primitives" "2.0.0-canary.ffda4cfb"
    "@tldraw/tlschema" "2.0.0-canary.ffda4cfb"
    "@tldraw/tlstore" "2.0.0-canary.ffda4cfb"
    "@tldraw/tlvalidate" "2.0.0-canary.ffda4cfb"
    "@tldraw/utils" "2.0.0-canary.ffda4cfb"
    "@use-gesture/react" "^10.2.24"
    classnames "^2.3.2"
    escape-string-regexp "^5.0.0"
    eventemitter3 "^4.0.7"
    is-plain-object "^5.0.0"
    lodash.throttle "^4.1.1"
    lodash.uniq "^4.5.0"
    nanoid "^3.0.0"

"@tldraw/polyfills@2.0.0-canary.ffda4cfb":
  version "2.0.0-canary.ffda4cfb"
  resolved "https://registry.yarnpkg.com/@tldraw/polyfills/-/polyfills-2.0.0-canary.ffda4cfb.tgz#a9a979619ebec16f0906a0e9713712d051376757"
  integrity sha512-mLuOb2YuYB5cmUD/lcmQb2CsdKO8UbDbDtnlF+0id6XnBKdZQ8BA5XRrzmUH1KhXStlGYfqqGcy/Cym8LZKDKw==
  dependencies:
    core-js "^3.27.2"

"@tldraw/primitives@2.0.0-canary.ffda4cfb":
  version "2.0.0-canary.ffda4cfb"
  resolved "https://registry.yarnpkg.com/@tldraw/primitives/-/primitives-2.0.0-canary.ffda4cfb.tgz#36419f4083207086f47c03821b29624afe152261"
  integrity sha512-NCq7uNiMSCshIF1AyE2Dm0aEkAKdDXWpllbddD5uF9JH9iRvcevOTNsvY/WyTeRj3OxNtrqJLkMDWKKnK1WwCw==
  dependencies:
    "@tldraw/tlschema" "2.0.0-canary.ffda4cfb"

"@tldraw/tldraw@^2.0.0-alpha.18":
  version "2.0.0-canary.ffda4cfb"
  resolved "https://registry.yarnpkg.com/@tldraw/tldraw/-/tldraw-2.0.0-canary.ffda4cfb.tgz#aa90309d398b808cae1c11b897ea3e37db7ddad4"
  integrity sha512-S1LSgJb0Yw8PclCytSp/wwcpkQQK8UUHRK3ggT3QzEnpgv+c20sn3psNNPrR1ZlfyTaAjZ+LvPzoPZU0rrc2Dg==
  dependencies:
    "@tldraw/editor" "2.0.0-canary.ffda4cfb"
    "@tldraw/polyfills" "2.0.0-canary.ffda4cfb"
    "@tldraw/tlsync-client" "2.0.0-canary.ffda4cfb"
    "@tldraw/ui" "2.0.0-canary.ffda4cfb"

"@tldraw/tlschema@2.0.0-canary.ffda4cfb":
  version "2.0.0-canary.ffda4cfb"
  resolved "https://registry.yarnpkg.com/@tldraw/tlschema/-/tlschema-2.0.0-canary.ffda4cfb.tgz#ed5b89e045e39c5ed1b9a17095c743f00ef448b8"
  integrity sha512-UfT0KyC8lbPvVK8akEo4js6V9NO4BLeAL7Sl9ENFtKYdDKhLDIJp5nhfx/pLrXp4KyZlz3sBB43VDNBTpo1TTg==
  dependencies:
    "@tldraw/tlstore" "2.0.0-canary.ffda4cfb"
    "@tldraw/tlvalidate" "2.0.0-canary.ffda4cfb"
    "@tldraw/utils" "2.0.0-canary.ffda4cfb"
    nanoid "^3.0.0"

"@tldraw/tlstore@2.0.0-canary.ffda4cfb":
  version "2.0.0-canary.ffda4cfb"
  resolved "https://registry.yarnpkg.com/@tldraw/tlstore/-/tlstore-2.0.0-canary.ffda4cfb.tgz#34f19dbf7aa501654529c29c09588795d1681644"
  integrity sha512-0DtmoSDACaTWuuL8Ti7QSatktSMWkJd/G/WVokD4wtlhfSMWJ6x2Z+LcJjEEZWSkqdscpRDco+e3t5o9Ja+bTA==
  dependencies:
    "@tldraw/utils" "2.0.0-canary.ffda4cfb"
    lodash.isequal "^4.5.0"
    nanoid "^3.0.0"

"@tldraw/tlsync-client@2.0.0-canary.ffda4cfb":
  version "2.0.0-canary.ffda4cfb"
  resolved "https://registry.yarnpkg.com/@tldraw/tlsync-client/-/tlsync-client-2.0.0-canary.ffda4cfb.tgz#2e3d35f54704ff059014c79abdb805a81dd39658"
  integrity sha512-Yb3gkfNoiD4Odxn7Y9YlgTZr52JMR+P2fNlb8CU8o6PeE2qG+o573+zkKJB47d+qB9dsKOdp7k+IiUjOD2uCuA==
  dependencies:
    "@tldraw/editor" "2.0.0-canary.ffda4cfb"
    "@tldraw/tlstore" "2.0.0-canary.ffda4cfb"
    idb "^7.1.0"
  optionalDependencies:
    react "*"

"@tldraw/tlvalidate@2.0.0-canary.ffda4cfb":
  version "2.0.0-canary.ffda4cfb"
  resolved "https://registry.yarnpkg.com/@tldraw/tlvalidate/-/tlvalidate-2.0.0-canary.ffda4cfb.tgz#734941faae1bba2b6967fe681bd779fa9fbe6fdb"
  integrity sha512-ldOD1YkWt8+nqt6/2xMVfGZPVpQ+D2rGGAWT4hPYC7p0FSvBQ3QLgh5ArMKXSK7jOyRJ8MH3m7RY8etmnIXKrQ==
  dependencies:
    "@tldraw/utils" "2.0.0-canary.ffda4cfb"

"@tldraw/ui@2.0.0-canary.ffda4cfb":
  version "2.0.0-canary.ffda4cfb"
  resolved "https://registry.yarnpkg.com/@tldraw/ui/-/ui-2.0.0-canary.ffda4cfb.tgz#5193bea8b25e86e498521f31a8fd7b0a0fc875e1"
  integrity sha512-YsAX55BehMMnDNib/TL39YvN9R/l33JoVcK+lr6Gqdp0NulRJUgNe/nw0bSkXnLxYfkblS3Q/sr5BT48hmYLwA==
  dependencies:
    "@radix-ui/react-alert-dialog" "^1.0.0"
    "@radix-ui/react-context-menu" "^2.1.1"
    "@radix-ui/react-dialog" "^1.0.2"
    "@radix-ui/react-dropdown-menu" "^2.0.1"
    "@radix-ui/react-popover" "^1.0.2"
    "@radix-ui/react-select" "^1.2.0"
    "@radix-ui/react-slider" "^1.1.0"
    "@radix-ui/react-toast" "^1.1.1"
    "@tldraw/editor" "2.0.0-canary.ffda4cfb"
    "@tldraw/primitives" "2.0.0-canary.ffda4cfb"
    "@tldraw/tlsync-client" "2.0.0-canary.ffda4cfb"
    "@tldraw/utils" "2.0.0-canary.ffda4cfb"
    browser-fs-access "^0.31.0"
    classnames "^2.3.2"
    hotkeys-js "^3.9.4"
    idb "^7.1.1"
    lz-string "^1.4.4"
    react-intl "^6.2.1"

"@tldraw/utils@2.0.0-canary.ffda4cfb":
  version "2.0.0-canary.ffda4cfb"
  resolved "https://registry.yarnpkg.com/@tldraw/utils/-/utils-2.0.0-canary.ffda4cfb.tgz#406e4f1293afed71bd79ffcea2de52356488add5"
  integrity sha512-t1PxCMpkycwuZXC8qv8AK8L4y2eJ3DX0co0M2N4b33klGz2bVxf7WGK4xu76sS9QzvQvITMJVfH4Tpz7xJf/qQ==

"@types/hoist-non-react-statics@^3.3.1":
  version "3.3.5"
  resolved "https://registry.yarnpkg.com/@types/hoist-non-react-statics/-/hoist-non-react-statics-3.3.5.tgz#dab7867ef789d87e2b4b0003c9d65c49cc44a494"
  integrity sha512-SbcrWzkKBw2cdwRTwQAswfpB9g9LJWfjtUeW/jvNwbhC8cpmmNYVePa+ncbUe0rGTQ7G3Ff6mYUN2VMfLVr+Sg==
  dependencies:
    "@types/react" "*"
    hoist-non-react-statics "^3.3.0"

"@types/prop-types@*":
  version "15.7.11"
  resolved "https://registry.yarnpkg.com/@types/prop-types/-/prop-types-15.7.11.tgz#2596fb352ee96a1379c657734d4b913a613ad563"
  integrity sha512-ga8y9v9uyeiLdpKddhxYQkxNDrfvuPrlFb0N1qnZZByvcElJaXthF1UhvCh9TLWJBEHeNtdnbysW7Y6Uq8CVng==

"@types/react@*", "@types/react@16 || 17 || 18":
  version "18.2.38"
  resolved "https://registry.yarnpkg.com/@types/react/-/react-18.2.38.tgz#3605ca41d3daff2c434e0b98d79a2469d4c2dd52"
  integrity sha512-cBBXHzuPtQK6wNthuVMV6IjHAFkdl/FOPFIlkd81/Cd1+IqkHu/A+w4g43kaQQoYHik/ruaQBDL72HyCy1vuMw==
  dependencies:
    "@types/prop-types" "*"
    "@types/scheduler" "*"
    csstype "^3.0.2"

"@types/scheduler@*":
  version "0.16.8"
  resolved "https://registry.yarnpkg.com/@types/scheduler/-/scheduler-0.16.8.tgz#ce5ace04cfeabe7ef87c0091e50752e36707deff"
  integrity sha512-WZLiwShhwLRmeV6zH+GkbOFT6Z6VklCItrDioxUnv+u4Ll+8vKeFySoFyK/0ctcRpOmwAicELfmys1sDc/Rw+A==

"@use-gesture/core@10.3.0":
  version "10.3.0"
  resolved "https://registry.yarnpkg.com/@use-gesture/core/-/core-10.3.0.tgz#9afd3777a45b2a08990a5dcfcf8d9ddd55b00db9"
  integrity sha512-rh+6MND31zfHcy9VU3dOZCqGY511lvGcfyJenN4cWZe0u1BH6brBpBddLVXhF2r4BMqWbvxfsbL7D287thJU2A==

"@use-gesture/react@^10.2.24":
  version "10.3.0"
  resolved "https://registry.yarnpkg.com/@use-gesture/react/-/react-10.3.0.tgz#180534c821fd635c2853cbcfa813f92c94f27e3f"
  integrity sha512-3zc+Ve99z4usVP6l9knYVbVnZgfqhKah7sIG+PS2w+vpig2v2OLct05vs+ZXMzwxdNCMka8B+8WlOo0z6Pn6DA==
  dependencies:
    "@use-gesture/core" "10.3.0"

aria-hidden@^1.1.1:
  version "1.2.3"
  resolved "https://registry.yarnpkg.com/aria-hidden/-/aria-hidden-1.2.3.tgz#14aeb7fb692bbb72d69bebfa47279c1fd725e954"
  integrity sha512-xcLxITLe2HYa1cnYnwCjkOO1PqUHQpozB8x9AR0OgWN2woOBi5kSDVxKfd0b7sb1hw5qFeJhXm9H1nu3xSfLeQ==
  dependencies:
    tslib "^2.0.0"

browser-fs-access@^0.31.0:
  version "0.31.2"
  resolved "https://registry.yarnpkg.com/browser-fs-access/-/browser-fs-access-0.31.2.tgz#f806f915d30ee71384405e561bb5d1f901109b8c"
  integrity sha512-wZSA7UgKMwR6oxddFQeSIoD7cxiNiaZT+iuVJw4/avr9t2ROwu80gxENT0YJChsLxJ7xBbLZDGHTAXfAg3Pq5Q==

classnames@^2.3.2:
  version "2.3.2"
  resolved "https://registry.yarnpkg.com/classnames/-/classnames-2.3.2.tgz#351d813bf0137fcc6a76a16b88208d2560a0d924"
  integrity sha512-CSbhY4cFEJRe6/GQzIk5qXZ4Jeg5pcsP7b5peFSDpffpe1cqjASH/n9UTjBwOp6XpMSTwQ8Za2K5V02ueA7Tmw==

core-js@^3.27.2:
  version "3.33.3"
  resolved "https://registry.yarnpkg.com/core-js/-/core-js-3.33.3.tgz#3c644a323f0f533a0d360e9191e37f7fc059088d"
  integrity sha512-lo0kOocUlLKmm6kv/FswQL8zbkH7mVsLJ/FULClOhv8WRVmKLVcs6XPNQAzstfeJTCHMyButEwG+z1kHxHoDZw==

csstype@^3.0.2:
  version "3.1.2"
  resolved "https://registry.yarnpkg.com/csstype/-/csstype-3.1.2.tgz#1d4bf9d572f11c14031f0436e1c10bc1f571f50b"
  integrity sha512-I7K1Uu0MBPzaFKg4nI5Q7Vs2t+3gWWW648spaF+Rg7pI9ds18Ugn+lvg4SHczUdKlHI5LWBXyqfS8+DufyBsgQ==

detect-node-es@^1.1.0:
  version "1.1.0"
  resolved "https://registry.yarnpkg.com/detect-node-es/-/detect-node-es-1.1.0.tgz#163acdf643330caa0b4cd7c21e7ee7755d6fa493"
  integrity sha512-ypdmJU/TbBby2Dxibuv7ZLW3Bs1QEmM7nHjEANfohJLvE0XVujisn1qPJcZxg+qDucsr+bP6fLD1rPS3AhJ7EQ==

escape-string-regexp@^5.0.0:
  version "5.0.0"
  resolved "https://registry.yarnpkg.com/escape-string-regexp/-/escape-string-regexp-5.0.0.tgz#4683126b500b61762f2dbebace1806e8be31b1c8"
  integrity sha512-/veY75JbMK4j1yjvuUxuVsiS/hr/4iHs9FTT6cgTexxdE0Ly/glccBAkloH/DofkjRbZU3bnoj38mOmhkZ0lHw==

eventemitter3@^4.0.7:
  version "4.0.7"
  resolved "https://registry.yarnpkg.com/eventemitter3/-/eventemitter3-4.0.7.tgz#2de9b68f6528d5644ef5c59526a1b4a07306169f"
  integrity sha512-8guHBZCwKnFhYdHr2ysuRWErTwhoN2X8XELRlrRwpmfeY2jjuUN4taQMsULKUVo1K4DvZl+0pgfyoysHxvmvEw==

get-nonce@^1.0.0:
  version "1.0.1"
  resolved "https://registry.yarnpkg.com/get-nonce/-/get-nonce-1.0.1.tgz#fdf3f0278073820d2ce9426c18f07481b1e0cdf3"
  integrity sha512-FJhYRoDaiatfEkUK8HKlicmu/3SGFD51q3itKDGoSTysQJBnfOcxU5GxnhE1E6soB76MbT0MBtnKJuXyAx+96Q==

hoist-non-react-statics@^3.3.0, hoist-non-react-statics@^3.3.2:
  version "3.3.2"
  resolved "https://registry.yarnpkg.com/hoist-non-react-statics/-/hoist-non-react-statics-3.3.2.tgz#ece0acaf71d62c2969c2ec59feff42a4b1a85b45"
  integrity sha512-/gGivxi8JPKWNm/W0jSmzcMPpfpPLc3dY/6GxhX2hQ9iGj3aDfklV4ET7NjKpSinLpJ5vafa9iiGIEZg10SfBw==
  dependencies:
    react-is "^16.7.0"

hotkeys-js@^3.9.4:
  version "3.12.1"
  resolved "https://registry.yarnpkg.com/hotkeys-js/-/hotkeys-js-3.12.1.tgz#593a230aac29ff1e2acfb5fb2f7032ab3c552401"
  integrity sha512-Z0yc462GuhzPGVTveM3QIW/lg8pshmopLRX8DPG8rm67CPMSRqXmdkVzcSmhqSu4ULivhkUeJy9umTPE6i73lg==

idb@^7.1.0, idb@^7.1.1:
  version "7.1.1"
  resolved "https://registry.yarnpkg.com/idb/-/idb-7.1.1.tgz#d910ded866d32c7ced9befc5bfdf36f572ced72b"
  integrity sha512-gchesWBzyvGHRO9W8tzUWFDycow5gwjvFKfyV9FF32Y7F50yZMp7mP+T2mJIWFx49zicqyC4uefHM17o6xKIVQ==

intl-messageformat@10.5.8:
  version "10.5.8"
  resolved "https://registry.yarnpkg.com/intl-messageformat/-/intl-messageformat-10.5.8.tgz#7184da425f360a53a5483a6194e16d666b011fc0"
  integrity sha512-NRf0jpBWV0vd671G5b06wNofAN8tp7WWDogMZyaU8GUAsmbouyvgwmFJI7zLjfAMpm3zK+vSwRP3jzaoIcMbaA==
  dependencies:
    "@formatjs/ecma402-abstract" "1.18.0"
    "@formatjs/fast-memoize" "2.2.0"
    "@formatjs/icu-messageformat-parser" "2.7.3"
    tslib "^2.4.0"

invariant@^2.2.4:
  version "2.2.4"
  resolved "https://registry.yarnpkg.com/invariant/-/invariant-2.2.4.tgz#610f3c92c9359ce1db616e538008d23ff35158e6"
  integrity sha512-phJfQVBuaJM5raOpJjSfkiD6BpbCE4Ns//LaXl6wGYtUBY83nWS6Rf9tXm2e8VaK60JEjYldbPif/A2B1C2gNA==
  dependencies:
    loose-envify "^1.0.0"

is-plain-object@^5.0.0:
  version "5.0.0"
  resolved "https://registry.yarnpkg.com/is-plain-object/-/is-plain-object-5.0.0.tgz#4427f50ab3429e9025ea7d52e9043a9ef4159344"
  integrity sha512-VRSzKkbMm5jMDoKLbltAkFQ5Qr7VDiTFGXxYFXXowVj387GeGNOCsOH6Msy00SGZ3Fp84b1Naa1psqgcCIEP5Q==

"js-tokens@^3.0.0 || ^4.0.0":
  version "4.0.0"
  resolved "https://registry.yarnpkg.com/js-tokens/-/js-tokens-4.0.0.tgz#19203fb59991df98e3a287050d4647cdeaf32499"
  integrity sha512-RdJUflcE3cUzKiMqQgsCu06FPu9UdIJO0beYbPhHN4k6apgJtifcoCtT9bcxOpYBtpD2kCM6Sbzg4CausW/PKQ==

lodash.isequal@^4.5.0:
  version "4.5.0"
  resolved "https://registry.yarnpkg.com/lodash.isequal/-/lodash.isequal-4.5.0.tgz#415c4478f2bcc30120c22ce10ed3226f7d3e18e0"
  integrity sha512-pDo3lu8Jhfjqls6GkMgpahsF9kCyayhgykjyLMNFTKWrpVdAQtYyB4muAMWozBB4ig/dtWAmsMxLEI8wuz+DYQ==

lodash.throttle@^4.1.1:
  version "4.1.1"
  resolved "https://registry.yarnpkg.com/lodash.throttle/-/lodash.throttle-4.1.1.tgz#c23e91b710242ac70c37f1e1cda9274cc39bf2f4"
  integrity sha512-wIkUCfVKpVsWo3JSZlc+8MB5it+2AN5W8J7YVMST30UrvcQNZ1Okbj+rbVniijTWE6FGYy4XJq/rHkas8qJMLQ==

lodash.uniq@^4.5.0:
  version "4.5.0"
  resolved "https://registry.yarnpkg.com/lodash.uniq/-/lodash.uniq-4.5.0.tgz#d0225373aeb652adc1bc82e4945339a842754773"
  integrity sha512-xfBaXQd9ryd9dlSDvnvI0lvxfLJlYAZzXomUYzLKtUeOQvOP5piqAWuGtrhWeqaXK9hhoM/iyJc5AV+XfsX3HQ==

loose-envify@^1.0.0, loose-envify@^1.1.0:
  version "1.4.0"
  resolved "https://registry.yarnpkg.com/loose-envify/-/loose-envify-1.4.0.tgz#71ee51fa7be4caec1a63839f7e682d8132d30caf"
  integrity sha512-lyuxPGr/Wfhrlem2CL/UcnUc1zcqKAImBDzukY7Y5F/yQiNdko6+fRLevlw1HgMySw7f611UIY408EtxRSoK3Q==
  dependencies:
    js-tokens "^3.0.0 || ^4.0.0"

lz-string@^1.4.4:
  version "1.5.0"
  resolved "https://registry.yarnpkg.com/lz-string/-/lz-string-1.5.0.tgz#c1ab50f77887b712621201ba9fd4e3a6ed099941"
  integrity sha512-h5bgJWpxJNswbU7qCrV0tIKQCaS3blPDrqKWx+QxzuzL1zGUzij9XCWLrSLsJPu5t+eWA/ycetzYAO5IOMcWAQ==

nanoid@^3.0.0:
  version "3.3.7"
  resolved "https://registry.yarnpkg.com/nanoid/-/nanoid-3.3.7.tgz#d0c301a691bc8d54efa0a2226ccf3fe2fd656bd8"
  integrity sha512-eSRppjcPIatRIMC1U6UngP8XFcz8MQWGQdt1MTBQ7NaAmvXDfvNxbvWV3x2y6CdEUciCSsDHDQZbhYaB8QEo2g==

react-dom@^18.2.0:
  version "18.2.0"
  resolved "https://registry.yarnpkg.com/react-dom/-/react-dom-18.2.0.tgz#22aaf38708db2674ed9ada224ca4aa708d821e3d"
  integrity sha512-6IMTriUmvsjHUjNtEDudZfuDQUoWXVxKHhlEGSk81n4YFS+r/Kl99wXiwlVXtPBtJenozv2P+hxDsw9eA7Xo6g==
  dependencies:
    loose-envify "^1.1.0"
    scheduler "^0.23.0"

react-intl@^6.2.1:
  version "6.5.5"
  resolved "https://registry.yarnpkg.com/react-intl/-/react-intl-6.5.5.tgz#d2de7bfd79718a7e3d8031e2599e94e0c8638377"
  integrity sha512-cI5UKvBh4tc1zxLIziHBYGMX3dhYWDEFlvUDVN6NfT2i96zTXz/zH2AmM8+2waqgOhwkFUzd+7kK1G9q7fiC2g==
  dependencies:
    "@formatjs/ecma402-abstract" "1.18.0"
    "@formatjs/icu-messageformat-parser" "2.7.3"
    "@formatjs/intl" "2.9.9"
    "@formatjs/intl-displaynames" "6.6.4"
    "@formatjs/intl-listformat" "7.5.3"
    "@types/hoist-non-react-statics" "^3.3.1"
    "@types/react" "16 || 17 || 18"
    hoist-non-react-statics "^3.3.2"
    intl-messageformat "10.5.8"
    tslib "^2.4.0"

react-is@^16.7.0:
  version "16.13.1"
  resolved "https://registry.yarnpkg.com/react-is/-/react-is-16.13.1.tgz#789729a4dc36de2999dc156dd6c1d9c18cea56a4"
  integrity sha512-24e6ynE2H+OKt4kqsOvNd8kBpV65zoxbA4BVsEOB3ARVWQki/DHzaUoC5KuON/BiccDaCCTZBuOcfZs70kR8bQ==

react-remove-scroll-bar@^2.3.3:
  version "2.3.4"
  resolved "https://registry.yarnpkg.com/react-remove-scroll-bar/-/react-remove-scroll-bar-2.3.4.tgz#53e272d7a5cb8242990c7f144c44d8bd8ab5afd9"
  integrity sha512-63C4YQBUt0m6ALadE9XV56hV8BgJWDmmTPY758iIJjfQKt2nYwoUrPk0LXRXcB/yIj82T1/Ixfdpdk68LwIB0A==
  dependencies:
    react-style-singleton "^2.2.1"
    tslib "^2.0.0"

react-remove-scroll@2.5.5:
  version "2.5.5"
  resolved "https://registry.yarnpkg.com/react-remove-scroll/-/react-remove-scroll-2.5.5.tgz#1e31a1260df08887a8a0e46d09271b52b3a37e77"
  integrity sha512-ImKhrzJJsyXJfBZ4bzu8Bwpka14c/fQt0k+cyFp/PBhTfyDnU5hjOtM4AG/0AMyy8oKzOTR0lDgJIM7pYXI0kw==
  dependencies:
    react-remove-scroll-bar "^2.3.3"
    react-style-singleton "^2.2.1"
    tslib "^2.1.0"
    use-callback-ref "^1.3.0"
    use-sidecar "^1.1.2"

react-style-singleton@^2.2.1:
  version "2.2.1"
  resolved "https://registry.yarnpkg.com/react-style-singleton/-/react-style-singleton-2.2.1.tgz#f99e420492b2d8f34d38308ff660b60d0b1205b4"
  integrity sha512-ZWj0fHEMyWkHzKYUr2Bs/4zU6XLmq9HsgBURm7g5pAVfyn49DgUiNgY2d4lXRlYSiCif9YBGpQleewkcqddc7g==
  dependencies:
    get-nonce "^1.0.0"
    invariant "^2.2.4"
    tslib "^2.0.0"

react@*, react@^18.2.0:
  version "18.2.0"
  resolved "https://registry.yarnpkg.com/react/-/react-18.2.0.tgz#555bd98592883255fa00de14f1151a917b5d77d5"
  integrity sha512-/3IjMdb2L9QbBdWiW5e3P2/npwMBaU9mHCSCUzNln0ZCYbcfTsGbTJrU/kGemdH2IWmB2ioZ+zkxtmq6g09fGQ==
  dependencies:
    loose-envify "^1.1.0"

regenerator-runtime@^0.14.0:
  version "0.14.0"
  resolved "https://registry.yarnpkg.com/regenerator-runtime/-/regenerator-runtime-0.14.0.tgz#5e19d68eb12d486f797e15a3c6a918f7cec5eb45"
  integrity sha512-srw17NI0TUWHuGa5CFGGmhfNIeja30WMBfbslPNhf6JrqQlLN5gcrvig1oqPxiVaXb0oW0XRKtH6Nngs5lKCIA==

scheduler@^0.23.0:
  version "0.23.0"
  resolved "https://registry.yarnpkg.com/scheduler/-/scheduler-0.23.0.tgz#ba8041afc3d30eb206a487b6b384002e4e61fdfe"
  integrity sha512-CtuThmgHNg7zIZWAXi3AsyIzA3n4xx7aNyjwC2VJldO2LMVDhFK+63xGqq6CsJH4rTAt6/M+N4GhZiDYPx9eUw==
  dependencies:
    loose-envify "^1.1.0"

signia-react-jsx@^0.1.4:
  version "0.1.4"
  resolved "https://registry.yarnpkg.com/signia-react-jsx/-/signia-react-jsx-0.1.4.tgz#47644efa1253011e1f3c28b985e8c7bda43bd58c"
  integrity sha512-523o9U63hsGKcNeX3bn71CL4tA/JnXJpZSEzqg5A63lrjqRQNoNblwUU7jZvMQyDqfX4URJrt2FU5+4hUDI8ZA==
  dependencies:
    signia-react "0.1.4"

signia-react@0.1.4:
  version "0.1.4"
  resolved "https://registry.yarnpkg.com/signia-react/-/signia-react-0.1.4.tgz#974498c2fecc7fbc660527861f5d40c0f1c26348"
  integrity sha512-sIb6z+8FdJGxgYokp/00D9I+ftb+Y3CaA9Dy0aFdD17mQ2nBDHKQQKsrnD/QkCHPTKDe6jB96JlmlOvoHps4RQ==
  dependencies:
    signia "0.1.4"

signia@0.1.4, signia@^0.1.4:
  version "0.1.4"
  resolved "https://registry.yarnpkg.com/signia/-/signia-0.1.4.tgz#9632b62eb958a21478955c81ea00bc5001f0af1b"
  integrity sha512-ES2fuLU2iVY/f3dOk41vTTGlRfOps5z/ixEZKXJz2ibRotvFoemN7aHxPNAJjQE94BU1ZWLRBO6/1dpFK8uZmA==

tslib@^2.0.0, tslib@^2.1.0, tslib@^2.4.0:
  version "2.6.2"
  resolved "https://registry.yarnpkg.com/tslib/-/tslib-2.6.2.tgz#703ac29425e7b37cd6fd456e92404d46d1f3e4ae"
  integrity sha512-AEYxH93jGFPn/a2iVAwW87VuUIkR1FVUKB77NwMF7nBTDkDrrT/Hpt/IrCJ0QXhW27jTBDcf5ZY7w6RiqTMw2Q==

use-callback-ref@^1.3.0:
  version "1.3.0"
  resolved "https://registry.yarnpkg.com/use-callback-ref/-/use-callback-ref-1.3.0.tgz#772199899b9c9a50526fedc4993fc7fa1f7e32d5"
  integrity sha512-3FT9PRuRdbB9HfXhEq35u4oZkvpJ5kuYbpqhCfmiZyReuRgpnhDlbr2ZEnnuS0RrJAPn6l23xjFg9kpDM+Ms7w==
  dependencies:
    tslib "^2.0.0"

use-sidecar@^1.1.2:
  version "1.1.2"
  resolved "https://registry.yarnpkg.com/use-sidecar/-/use-sidecar-1.1.2.tgz#2f43126ba2d7d7e117aa5855e5d8f0276dfe73c2"
  integrity sha512-epTbsLuzZ7lPClpz2TyryBfztm7m+28DlEv2ZCQ3MDr5ssiwyOwGH/e5F9CkfWjJ1t4clvI58yF822/GUkjjhw==
  dependencies:
    detect-node-es "^1.1.0"
    tslib "^2.0.0"
